{"1.1.0",
[{<<"certifi">>,{pkg,<<"certifi">>,<<"1.2.1">>},1},
 {<<"cowboy">>,
  {git,"git://github.com/ninenines/cowboy.git",
       {ref,"bb83a6ce33288c04250497318565ac499282c720"}},
  0},
 {<<"cowlib">>,
  {git,"https://github.com/ninenines/cowlib",
       {ref,"07cde7c6def6eeed0174b270229e7d5175673d87"}},
  1},
 {<<"crontab">>,
  {git,"git://github.com/b3rnie/crontab.git",
       {ref,"d7f8fb707298661cb374670380c98c3600bd16e8"}},
  0},
 {<<"erlsom">>,
  {git,"git://github.com/willemdj/erlsom.git",
       {ref,"ba84a5767fe6852af2b691fc0e234702d336d65f"}},
  0},
 {<<"goldrush">>,
  {git,"git://github.com/DeadZen/goldrush.git",
       {ref,"212299233c7e7eb63a97be2777e1c05ebaa58dbe"}},
  1},
 {<<"hackney">>,
  {git,"git://github.com/benoitc/hackney.git",
       {ref,"77a0839afc49d7dabe41bf43dcad8e3ba9455c7d"}},
  0},
 {<<"idna">>,{pkg,<<"idna">>,<<"5.0.2">>},1},
 {<<"jsx">>,
  {git,"git://github.com/talentdeficit/jsx.git",
       {ref,"aaf915e173d0ea7e1201c0edd4930dc6c3cd179d"}},
  0},
 {<<"lager">>,
  {git,"git://github.com/basho/lager.git",
       {ref,"8187757388c9adc915379caaab36a2f2ca26e944"}},
  0},
 {<<"lager_syslog">>,
  {git,"git://github.com/basho/lager_syslog.git",
       {ref,"126dd0284fcac9b01613189a82facf8d803411a2"}},
  0},
 {<<"metrics">>,{pkg,<<"metrics">>,<<"1.0.1">>},1},
 {<<"mimerl">>,{pkg,<<"mimerl">>,<<"1.0.2">>},1},
 {<<"ranch">>,
  {git,"https://github.com/ninenines/ranch",
       {ref,"40809cd2b257a8a53bcb5588ecaa88cc5381ff5c"}},
  1},
 {<<"recon">>,
  {git,"git://github.com/ferd/recon.git",
       {ref,"62332b5d7638ff5b604110a47ae341603cb7da75"}},
  0},
 {<<"ssl_verify_fun">>,{pkg,<<"ssl_verify_fun">>,<<"1.1.1">>},1},
 {<<"stdlib2">>,
  {git,"git://github.com/cannedprimates/stdlib2.git",
       {ref,"0c334200fd9c7ddd79f6dcc3a63c0aa5de5d3a33"}},
  0},
 {<<"syslog">>,
  {git,"git://github.com/Vagabond/erlang-syslog",
       {ref,"4a6c6f2c996483e86c1320e9553f91d337bcb6aa"}},
  1},
 {<<"unicode_util_compat">>,{pkg,<<"unicode_util_compat">>,<<"0.2.0">>},2}]}.
[
{pkg_hash,[
 {<<"certifi">>, <<"C3904F192BD5284E5B13F20DB3CEAC9626E14EEACFBB492E19583CF0E37B22BE">>},
 {<<"idna">>, <<"AC203208ADA855D95DC591A764B6E87259CB0E2A364218F215AD662DAA8CD6B4">>},
 {<<"metrics">>, <<"25F094DEA2CDA98213CECC3AEFF09E940299D950904393B2A29D191C346A8486">>},
 {<<"mimerl">>, <<"993F9B0E084083405ED8252B99460C4F0563E41729AB42D9074FD5E52439BE88">>},
 {<<"ssl_verify_fun">>, <<"28A4D65B7F59893BC2C7DE786DEC1E1555BD742D336043FE644AE956C3497FBE">>},
 {<<"unicode_util_compat">>, <<"DBBCCF6781821B1C0701845EAF966C9B6D83D7C3BFC65CA2B78B88B8678BFA35">>}]}
].
